{
    "name": "opensilex-monitoring",
    "version": "0.1.0",
    "lockfileVersion": 3,
    "requires": true,
    "packages": {
        "": {
            "name": "opensilex-monitoring",
            "version": "0.1.0",
            "license": "AGPL-3.0-only",
            "dependencies": {
                "echarts": "^6.1.0"
            },
            "devDependencies": {}
        },
        "node_modules/echarts": {
            "version": "6.1.0",
            "resolved": "https://registry.npmjs.org/echarts/-/echarts-6.1.0.tgz",
            "integrity": "sha512-q0yaFPggC9FUdsWH4blavRWFmxdrIodbkoKNAjJudAI6CA9gNPxHtV2RcZNEepZVlk4yvBYkOkbk6HIVpIyHZA==",
            "dependencies": {
                "tslib": "2.3.0",
                "zrender": "6.1.0"
            }
        },
        "node_modules/tslib": {
            "version": "2.3.0",
            "resolved": "https://registry.npmjs.org/tslib/-/tslib-2.3.0.tgz",
            "integrity": "sha512-N82ooyxVNm6h1riLCoyS9e3fuJ3AMG2zIZs2Gd1ATcSFjSA23Q0fzjjZeh0jbJvWVDZ0cJT8yaNNaaXHzueNjg=="
        },
        "node_modules/zrender": {
            "version": "6.1.0",
            "resolved": "https://registry.npmjs.org/zrender/-/zrender-6.1.0.tgz",
            "integrity": "sha512-oEGMDB6pOP2S6OwRR4PdVv610zrjnA3Bh+JnSG12fYJlBKjtNAoEb5fSUoCOOINlH96I2fU38/A2UpRKs67xYQ==",
            "dependencies": {
                "tslib": "2.3.0"
            }
        }
    }
}
