{
    "name": "opensilex-security",
    "version": "0.1.0",
    "lockfileVersion": 3,
    "requires": true,
    "packages": {
        "": {
            "name": "opensilex-security",
            "version": "0.1.0",
            "license": "AGPL-3.0-only",
            "dependencies": {
                "@achrinza/node-ipc": "^10.1.11"
            },
            "devDependencies": {
                "@types/node": "20"
            }
        },
        "node_modules/@achrinza/event-pubsub": {
            "version": "5.0.11",
            "resolved": "https://registry.npmjs.org/@achrinza/event-pubsub/-/event-pubsub-5.0.11.tgz",
            "integrity": "sha512-H/bswjSh/wMIgtizHIdeQQuquzBsia0uqf0IaadMKhS7jv5wX0iMqkVbYDZhUhbjJqXnfX4jjzgclt24aizdHA==",
            "dependencies": {
                "@achrinza/strong-type": "0.1.14"
            },
            "engines": {
                "node": "13 || 14 || 16 || 17 || 18 || 19 || 20 || 21 || 22"
            }
        },
        "node_modules/@achrinza/event-pubsub/node_modules/@achrinza/strong-type": {
            "version": "0.1.14",
            "resolved": "https://registry.npmjs.org/@achrinza/strong-type/-/strong-type-0.1.14.tgz",
            "integrity": "sha512-Se5kMdqRxrjBfpUnVS819OUqW6XUj2ryOHNkZizQ44FGQMfr5X+RXyi4Y8DZn5+lsx2sdnIylpmK6N7TGMpDrw==",
            "engines": {
                "node": "12 || 13 || 14 || 15 || 16 || 17 || 18 || 19 || 20 || 21 || 22"
            }
        },
        "node_modules/@achrinza/node-ipc": {
            "version": "10.1.11",
            "resolved": "https://registry.npmjs.org/@achrinza/node-ipc/-/node-ipc-10.1.11.tgz",
            "integrity": "sha512-3z2yix2G8KP8gW6dWgRPj61Mu2nleqbWqTuS5vluZiXe2VDFkimqaeb4fnuS6JV2nhJz4gX+PR5PQjRKsuXm8w==",
            "dependencies": {
                "@achrinza/event-pubsub": "5.0.11",
                "@achrinza/strong-type": "1.1.20",
                "@node-ipc/js-queue": "2.0.3",
                "js-message": "1.0.7"
            },
            "engines": {
                "node": "14 || 16 || 17 || 18 || 19 || 20 || 22"
            }
        },
        "node_modules/@achrinza/strong-type": {
            "version": "1.1.20",
            "resolved": "https://registry.npmjs.org/@achrinza/strong-type/-/strong-type-1.1.20.tgz",
            "integrity": "sha512-7+A0aC1C6tt1j69phZocl13RZ4vzz6W6jFhSUty9KNgKyoUH48oeZlSQdj2VONlT+sbdkfO7VJJbWiKBqNwebA==",
            "engines": {
                "node": "^12.21.0 || 14 || 15 || 16 || 17 || 18 || 19 || 20 || 21 || 22"
            }
        },
        "node_modules/@node-ipc/js-queue": {
            "version": "2.0.3",
            "resolved": "https://registry.npmjs.org/@node-ipc/js-queue/-/js-queue-2.0.3.tgz",
            "integrity": "sha512-fL1wpr8hhD5gT2dA1qifeVaoDFlQR5es8tFuKqjHX+kdOtdNHnxkVZbtIrR2rxnMFvehkjaZRNV2H/gPXlb0hw==",
            "dependencies": {
                "easy-stack": "1.0.1"
            },
            "engines": {
                "node": ">=1.0.0"
            }
        },
        "node_modules/@types/node": {
            "version": "20.17.17",
            "resolved": "https://registry.npmjs.org/@types/node/-/node-20.17.17.tgz",
            "integrity": "sha512-/WndGO4kIfMicEQLTi/mDANUu/iVUhT7KboZPdEqqHQ4aTS+3qT3U5gIqWDFV+XouorjfgGqvKILJeHhuQgFYg==",
            "dev": true,
            "dependencies": {
                "undici-types": "~6.19.2"
            }
        },
        "node_modules/easy-stack": {
            "version": "1.0.1",
            "resolved": "https://registry.npmjs.org/easy-stack/-/easy-stack-1.0.1.tgz",
            "integrity": "sha512-wK2sCs4feiiJeFXn3zvY0p41mdU5VUgbgs1rNsc/y5ngFUijdWd+iIN8eoyuZHKB8xN6BL4PdWmzqFmxNg6V2w==",
            "license": "MIT",
            "engines": {
                "node": ">=6.0.0"
            }
        },
        "node_modules/js-message": {
            "version": "1.0.7",
            "resolved": "https://registry.npmjs.org/js-message/-/js-message-1.0.7.tgz",
            "integrity": "sha512-efJLHhLjIyKRewNS9EGZ4UpI8NguuL6fKkhRxVuMmrGV2xN/0APGdQYwLFky5w9naebSZ0OwAGp0G6/2Cg90rA==",
            "license": "MIT",
            "engines": {
                "node": ">=0.6.0"
            }
        },
        "node_modules/undici-types": {
            "version": "6.19.8",
            "resolved": "https://registry.npmjs.org/undici-types/-/undici-types-6.19.8.tgz",
            "integrity": "sha512-ve2KP6f/JnbPBFyobGHuerC9g1FYGn/F8n1LWTwNxCEzd6IfqTwUQcNXgEtmmQ6DlRrC1hrSrBnCZPokRrDHjw==",
            "dev": true
        }
    }
}
